// !$*UTF8*$!
{
	archiveVersion = 1;
	classes = {
	};
	objectVersion = 46;
	objects = {

/* Begin PBXBuildFile section */
		F538E56D1EE573B3008D917E /* AppDelegate.swift in Sources */ = {isa = PBXBuildFile; fileRef = F538E56C1EE573B3008D917E /* AppDelegate.swift */; };
		F538E56F1EE573B3008D917E /* ViewController.swift in Sources */ = {isa = PBXBuildFile; fileRef = F538E56E1EE573B3008D917E /* ViewController.swift */; };
		F538E5721EE573B3008D917E /* Main.storyboard in Resources */ = {isa = PBXBuildFile; fileRef = F538E5701EE573B3008D917E /* Main.storyboard */; };
		F538E5741EE573B3008D917E /* Assets.xcassets in Resources */ = {isa = PBXBuildFile; fileRef = F538E5731EE573B3008D917E /* Assets.xcassets */; };
		F538E5771EE573B3008D917E /* LaunchScreen.storyboard in Resources */ = {isa = PBXBuildFile; fileRef = F538E5751EE573B3008D917E /* LaunchScreen.storyboard */; };
		F538E5801EE59330008D917E /* Book.swift in Sources */ = {isa = PBXBuildFile; fileRef = F538E57E1EE59330008D917E /* Book.swift */; };
		F538E5811EE59330008D917E /* BookManager.swift in Sources */ = {isa = PBXBuildFile; fileRef = F538E57F1EE59330008D917E /* BookManager.swift */; };
/* End PBXBuildFile section */

/* Begin PBXFileReference section */
		F538E5691EE573B3008D917E /* VisualBookManager.app */ = {isa = PBXFileReference; explicitFileType = wrapper.application; includeInIndex = 0; path = VisualBookManager.app; sourceTree = BUILT_PRODUCTS_DIR; };
		F538E56C1EE573B3008D917E /* AppDelegate.swift */ = {isa = PBXFileReference; lastKnownFileType = sourcecode.swift; path = AppDelegate.swift; sourceTree = "<group>"; };
		F538E56E1EE573B3008D917E /* ViewController.swift */ = {isa = PBXFileReference; lastKnownFileType = sourcecode.swift; path = ViewController.swift; sourceTree = "<group>"; };
		F538E5711EE573B3008D917E /* Base */ = {isa = PBXFileReference; lastKnownFileType = file.storyboard; name = Base; path = Base.lproj/Main.storyboard; sourceTree = "<group>"; };
		F538E5731EE573B3008D917E /* Assets.xcassets */ = {isa = PBXFileReference; lastKnownFileType = folder.assetcatalog; path = Assets.xcassets; sourceTree = "<group>"; };
		F538E5761EE573B3008D917E /* Base */ = {isa = PBXFileReference; lastKnownFileType = file.storyboard; name = Base; path = Base.lproj/LaunchScreen.storyboard; sourceTree = "<group>"; };
		F538E5781EE573B3008D917E /* Info.plist */ = {isa = PBXFileReference; lastKnownFileType = text.plist.xml; path = Info.plist; sourceTree = "<group>"; };
		F538E57E1EE59330008D917E /* Book.swift */ = {isa = PBXFileReference; fileEncoding = 4; lastKnownFileType = sourcecode.swift; path = Book.swift; sourceTree = "<group>"; };
		F538E57F1EE59330008D917E /* BookManager.swift */ = {isa = PBXFileReference; fileEncoding = 4; lastKnownFileType = sourcecode.swift; path = BookManager.swift; sourceTree = "<group>"; };
/* End PBXFileReference section */

/* Begin PBXFrameworksBuildPhase section */
		F538E5661EE573B3008D917E /* Frameworks */ = {
			isa = PBXFrameworksBuildPhase;
			buildActionMask = 2147483647;
			files = (
			);
			runOnlyForDeploymentPostprocessing = 0;
		};
/* End PBXFrameworksBuildPhase section */

/* Begin PBXGroup section */
		F538E5601EE573B3008D917E = {
			isa = PBXGroup;
			children = (
				F538E56B1EE573B3008D917E /* VisualBookManager */,
				F538E56A1EE573B3008D917E /* Products */,
			);
			sourceTree = "<group>";
		};
		F538E56A1EE573B3008D917E /* Products */ = {
			isa = PBXGroup;
			children = (
				F538E5691EE573B3008D917E /* VisualBookManager.app */,
			);
			name = Products;
			sourceTree = "<group>";
		};
		F538E56B1EE573B3008D917E /* VisualBookManager */ = {
			isa = PBXGroup;
			children = (
				F538E56C1EE573B3008D917E /* AppDelegate.swift */,
				F538E57E1EE59330008D917E /* Book.swift */,
				F538E57F1EE59330008D917E /* BookManager.swift */,
				F538E56E1EE573B3008D917E /* ViewController.swift */,
				F538E5701EE573B3008D917E /* Main.storyboard */,
				F538E5731EE573B3008D917E /* Assets.xcassets */,
				F538E5751EE573B3008D917E /* LaunchScreen.storyboard */,
				F538E5781EE573B3008D917E /* Info.plist */,
			);
			path = VisualBookManager;
			sourceTree = "<group>";
		};
/* End PBXGroup section */

/* Begin PBXNativeTarget section */
		F538E5681EE573B3008D917E /* VisualBookManager */ = {
			isa = PBXNativeTarget;
			buildConfigurationList = F538E57B1EE573B3008D917E /* Build configuration list for PBXNativeTarget "VisualBookManager" */;
			buildPhases = (
				F538E5651EE573B3008D917E /* Sources */,
				F538E5661EE573B3008D917E /* Frameworks */,
				F538E5671EE573B3008D917E /* Resources */,
			);
			buildRules = (
			);
			dependencies = (
			);
			name = VisualBookManager;
			productName = VisualBookManager;
			productReference = F538E5691EE573B3008D917E /* VisualBookManager.app */;
			productType = "com.apple.product-type.application";
		};
/* End PBXNativeTarget section */

/* Begin PBXProject section */
		F538E5611EE573B3008D917E /* Project object */ = {
			isa = PBXProject;
			attributes = {
				LastSwiftUpdateCheck = 0830;
				LastUpgradeCheck = 0830;
				ORGANIZATIONNAME = Joshua;
				TargetAttributes = {
					F538E5681EE573B3008D917E = {
						CreatedOnToolsVersion = 8.3.2;
						ProvisioningStyle = Automatic;
					};
				};
			};
			buildConfigurationList = F538E5641EE573B3008D917E /* Build configuration list for PBXProject "VisualBookManager" */;
			compatibilityVersion = "Xcode 3.2";
			developmentRegion = English;
			hasScannedForEncodings = 0;
			knownRegions = (
				en,
				Base,
			);
			mainGroup = F538E5601EE573B3008D917E;
			productRefGroup = F538E56A1EE573B3008D917E /* Products */;
			projectDirPath = "";
			projectRoot = "";
			targets = (
				F538E5681EE573B3008D917E /* VisualBookManager */,
			);
		};
/* End PBXProject section */

/* Begin PBXResourcesBuildPhase section */
		F538E5671EE573B3008D917E /* Resources */ = {
			isa = PBXResourcesBuildPhase;
			buildActionMask = 2147483647;
			files = (
				F538E5771EE573B3008D917E /* LaunchScreen.storyboard in Resources */,
				F538E5741EE573B3008D917E /* Assets.xcassets in Resources */,
				F538E5721EE573B3008D917E /* Main.storyboard in Resources */,
			);
			runOnlyForDeploymentPostprocessing = 0;
		};
/* End PBXResourcesBuildPhase section */

/* Begin PBXSourcesBuildPhase section */
		F538E5651EE573B3008D917E /* Sources */ = {
			isa = PBXSourcesBuildPhase;
			buildActionMask = 2147483647;
			files = (
				F538E56F1EE573B3008D917E /* ViewController.swift in Sources */,
				F538E56D1EE573B3008D917E /* AppDelegate.swift in Sources */,
				F538E5811EE59330008D917E /* BookManager.swift in Sources */,
				F538E5801EE59330008D917E /* Book.swift in Sources */,
			);
			runOnlyForDeploymentPostprocessing = 0;
		};
/* End PBXSourcesBuildPhase section */

/* Begin PBXVariantGroup section */
		F538E5701EE573B3008D917E /* Main.storyboard */ = {
			isa = PBXVariantGroup;
			children = (
				F538E5711EE573B3008D917E /* Base */,
			);
			name = Main.storyboard;
			sourceTree = "<group>";
		};
		F538E5751EE573B3008D917E /* LaunchScreen.storyboard */ = {
			isa = PBXVariantGroup;
			children = (
				F538E5761EE573B3008D917E /* Base */,
			);
			name = LaunchScreen.storyboard;
			sourceTree = "<group>";
		};
/* End PBXVariantGroup section */

/* Begin XCBuildConfiguration section */
		F538E5791EE573B3008D917E /* Debug */ = {
			isa = XCBuildConfiguration;
			buildSettings = {
				ALWAYS_SEARCH_USER_PATHS = NO;
				CLANG_ANALYZER_NONNULL = YES;
				CLANG_ANALYZER_NUMBER_OBJECT_CONVERSION = YES_AGGRESSIVE;
				CLANG_CXX_LANGUAGE_STANDARD = "gnu++0x";
				CLANG_CXX_LIBRARY = "libc++";
				CLANG_ENABLE_MODULES = YES;
				CLANG_ENABLE_OBJC_ARC = YES;
				CLANG_WARN_BOOL_CONVERSION = YES;
				CLANG_WARN_CONSTANT_CONVERSION = YES;
				CLANG_WARN_DIRECT_OBJC_ISA_USAGE = YES_ERROR;
				CLANG_WARN_DOCUMENTATION_COMMENTS = YES;
				CLANG_WARN_EMPTY_BODY = YES;
				CLANG_WARN_ENUM_CONVERSION = YES;
				CLANG_WARN_INFINITE_RECURSION = YES;
				CLANG_WARN_INT_CONVERSION = YES;
				CLANG_WARN_OBJC_ROOT_CLASS = YES_ERROR;
				CLANG_WARN_SUSPICIOUS_MOVE = YES;
				CLANG_WARN_UNREACHABLE_CODE = YES;
				CLANG_WARN__DUPLICATE_METHOD_MATCH = YES;
				"CODE_SIGN_IDENTITY[sdk=iphoneos*]" = "iPhone Developer";
				COPY_PHASE_STRIP = NO;
				DEBUG_INFORMATION_FORMAT = dwarf;
				ENABLE_STRICT_OBJC_MSGSEND = YES;
				ENABLE_TESTABILITY = YES;
				GCC_C_LANGUAGE_STANDARD = gnu99;
				GCC_DYNAMIC_NO_PIC = NO;
				GCC_NO_COMMON_BLOCKS = YES;
				GCC_OPTIMIZATION_LEVEL = 0;
				GCC_PREPROCESSOR_DEFINITIONS = (
					"DEBUG=1",
					"$(inherited)",
				);
				GCC_WARN_64_TO_32_BIT_CONVERSION = YES;
				GCC_WARN_ABOUT_RETURN_TYPE = YES_ERROR;
				GCC_WARN_UNDECLARED_SELECTOR = YES;
				GCC_WARN_UNINITIALIZED_AUTOS = YES_AGGRESSIVE;
				GCC_WARN_UNUSED_FUNCTION = YES;
				GCC_WARN_UNUSED_VARIABLE = YES;
				IPHONEOS_DEPLOYMENT_TARGET = 10.3;
				MTL_ENABLE_DEBUG_INFO = YES;
				ONLY_ACTIVE_ARCH = YES;
				SDKROOT = iphoneos;
				SWIFT_ACTIVE_COMPILATION_CONDITIONS = DEBUG;
				SWIFT_OPTIMIZATION_LEVEL = "-Onone";
			};
			name = Debug;
		};
		F538E57A1EE573B3008D917E /* Release */ = {
			isa = XCBuildConfiguration;
			buildSettings = {
				ALWAYS_SEARCH_USER_PATHS = NO;
				CLANG_ANALYZER_NONNULL = YES;
				CLANG_ANALYZER_NUMBER_OBJECT_CONVERSION = YES_AGGRESSIVE;
				CLANG_CXX_LANGUAGE_STANDARD = "gnu++0x";
				CLANG_CXX_LIBRARY = "libc++";
				CLANG_ENABLE_MODULES = YES;
				CLANG_ENABLE_OBJC_ARC = YES;
				CLANG_WARN_BOOL_CONVERSION = YES;
				CLANG_WARN_CONSTANT_CONVERSION = YES;
				CLANG_WARN_DIRECT_OBJC_ISA_USAGE = YES_ERROR;
				CLANG_WARN_DOCUMENTATION_COMMENTS = YES;
				CLANG_WARN_EMPTY_BODY = YES;
				CLANG_WARN_ENUM_CONVERSION = YES;
				CLANG_WARN_INFINITE_RECURSION = YES;
				CLANG_WARN_INT_CONVERSION = YES;
				CLANG_WARN_OBJC_ROOT_CLASS = YES_ERROR;
				CLANG_WARN_SUSPICIOUS_MOVE = YES;
				CLANG_WARN_UNREACHABLE_CODE = YES;
				CLANG_WARN__DUPLICATE_METHOD_MATCH = YES;
				"CODE_SIGN_IDENTITY[sdk=iphoneos*]" = "iPhone Developer";
				COPY_PHASE_STRIP = NO;
				DEBUG_INFORMATION_FORMAT = "dwarf-with-dsym";
				ENABLE_NS_ASSERTIONS = NO;
				ENABLE_STRICT_OBJC_MSGSEND = YES;
				GCC_C_LANGUAGE_STANDARD = gnu99;
				GCC_NO_COMMON_BLOCKS = YES;
				GCC_WARN_64_TO_32_BIT_CONVERSION = YES;
				GCC_WARN_ABOUT_RETURN_TYPE = YES_ERROR;
				GCC_WARN_UNDECLARED_SELECTOR = YES;
				GCC_WARN_UNINITIALIZED_AUTOS = YES_AGGRESSIVE;
				GCC_WARN_UNUSED_FUNCTION = YES;
				GCC_WARN_UNUSED_VARIABLE = YES;
				IPHONEOS_DEPLOYMENT_TARGET = 10.3;
				MTL_ENABLE_DEBUG_INFO = NO;
				SDKROOT = iphoneos;
				SWIFT_OPTIMIZATION_LEVEL = "-Owholemodule";
				VALIDATE_PRODUCT = YES;
			};
			name = Release;
		};
		F538E57C1EE573B3008D917E /* Debug */ = {
			isa = XCBuildConfiguration;
			buildSettings = {
				ASSETCATALOG_COMPILER_APPICON_NAME = AppIcon;
				INFOPLIST_FILE = VisualBookManager/Info.plist;
				LD_RUNPATH_SEARCH_PATHS = "$(inherited) @executable_path/Frameworks";
				PRODUCT_BUNDLE_IDENTIFIER = com.joshua.VisualBookManager;
				PRODUCT_NAME = "$(TARGET_NAME)";
				SWIFT_VERSION = 3.0;
			};
			name = Debug;
		};
		F538E57D1EE573B3008D917E /* Release */ = {
			isa = XCBuildConfiguration;
			buildSettings = {
				ASSETCATALOG_COMPILER_APPICON_NAME = AppIcon;
				INFOPLIST_FILE = VisualBookManager/Info.plist;
				LD_RUNPATH_SEARCH_PATHS = "$(inherited) @executable_path/Frameworks";
				PRODUCT_BUNDLE_IDENTIFIER = com.joshua.VisualBookManager;
				PRODUCT_NAME = "$(TARGET_NAME)";
				SWIFT_VERSION = 3.0;
			};
			name = Release;
		};
/* End XCBuildConfiguration section */

/* Begin XCConfigurationList section */
		F538E5641EE573B3008D917E /* Build configuration list for PBXProject "VisualBookManager" */ = {
			isa = XCConfigurationList;
			buildConfigurations = (
				F538E5791EE573B3008D917E /* Debug */,
				F538E57A1EE573B3008D917E /* Release */,
			);
			defaultConfigurationIsVisible = 0;
			defaultConfigurationName = Release;
		};
		F538E57B1EE573B3008D917E /* Build configuration list for PBXNativeTarget "VisualBookManager" */ = {
			isa = XCConfigurationList;
			buildConfigurations = (
				F538E57C1EE573B3008D917E /* Debug */,
				F538E57D1EE573B3008D917E /* Release */,
			);
			defaultConfigurationIsVisible = 0;
		};
/* End XCConfigurationList section */
	};
	rootObject = F538E5611EE573B3008D917E /* Project object */;
}
